{
  "name": "pictrikit",
  "version": "1.0.0",
  "lockfileVersion": 3,
  "requires": true,
  "packages": {
    "": {
      "name": "pictrikit",
      "version": "1.0.0",
      "dependencies": {
        "@upstash/redis": "^1.28.0"
      }
    },
    "node_modules/@upstash/redis": {
      "version": "1.36.0",
      "resolved": "https://registry.npmjs.org/@upstash/redis/-/redis-1.36.0.tgz",
      "integrity": "sha512-9zN2UV9QJGPnXfWU3yZBLVQaqqENDh7g+Y4J2vJuSxBCi9FQ0aUOtaXlzuFhnsiZvCqM+eS27ic+tgmkWUsfOg==",
      "license": "MIT",
      "dependencies": {
        "uncrypto": "^0.1.3"
      }
    },
    "node_modules/uncrypto": {
      "version": "0.1.3",
      "resolved": "https://registry.npmjs.org/uncrypto/-/uncrypto-0.1.3.tgz",
      "integrity": "sha512-Ql87qFHB3s/De2ClA9e0gsnS6zXG27SkTiSJwjCc9MebbfapQfuPzumMIUMi38ezPZVNFcHI9sUIepeQfw8J8Q==",
      "license": "MIT"
    }
  }
}
